
Microsoft Visual Studio Solution File, Format Version 12.00
# Visual Studio 15
VisualStudioVersion = 15.0.28307.421
MinimumVisualStudioVersion = 10.0.40219.1
Project("{FAE04EC0-301F-11D3-BF4B-00C04F79EFBC}") = "WpfApp1", "WpfApp1\WpfApp1.csproj", "{AF529BB2-6D1F-4EC3-93C5-B9213099CBF5}"
EndProject
Global
	GlobalSection(SolutionConfigurationPlatforms) = preSolution
		Debug|Any CPU = Debug|Any CPU
		Release|Any CPU = Release|Any CPU
	EndGlobalSection
	GlobalSection(ProjectConfigurationPlatforms) = postSolution
		{AF529BB2-6D1F-4EC3-93C5-B9213099CBF5}.Debug|Any CPU.ActiveCfg = Debug|Any CPU
		{AF529BB2-6D1F-4EC3-93C5-B9213099CBF5}.Debug|Any CPU.Build.0 = Debug|Any CPU
		{AF529BB2-6D1F-4EC3-93C5-B9213099CBF5}.Release|Any CPU.ActiveCfg = Release|Any CPU
		{AF529BB2-6D1F-4EC3-93C5-B9213099CBF5}.Release|Any CPU.Build.0 = Release|Any CPU
	EndGlobalSection
	GlobalSection(SolutionProperties) = preSolution
		HideSolutionNode = FALSE
	EndGlobalSection
	GlobalSection(ExtensibilityGlobals) = postSolution
		SolutionGuid = {08514C71-C113-41CB-A323-B2D1011F47E6}
	EndGlobalSection
EndGlobal
